// !$*UTF8*$!
{
	archiveVersion = 1;
	classes = {
	};
	objectVersion = 56;
	objects = {

/* Begin PBXBuildFile section */
		3E9D261829680B8B00E8A55E /* recipeatApp.swift in Sources */ = {isa = PBXBuildFile; fileRef = 3E9D261729680B8B00E8A55E /* recipeatApp.swift */; };
		3E9D261A29680B8B00E8A55E /* ContentView.swift in Sources */ = {isa = PBXBuildFile; fileRef = 3E9D261929680B8B00E8A55E /* ContentView.swift */; };
		3E9D261C29680B8E00E8A55E /* Assets.xcassets in Resources */ = {isa = PBXBuildFile; fileRef = 3E9D261B29680B8E00E8A55E /* Assets.xcassets */; };
		3E9D261F29680B8E00E8A55E /* Preview Assets.xcassets in Resources */ = {isa = PBXBuildFile; fileRef = 3E9D261E29680B8E00E8A55E /* Preview Assets.xcassets */; };
		3EEE3406296B21450065E2E4 /* AccountView.swift in Sources */ = {isa = PBXBuildFile; fileRef = 3EEE3405296B21450065E2E4 /* AccountView.swift */; };
		3EEE3408296B21820065E2E4 /* HomeView.swift in Sources */ = {isa = PBXBuildFile; fileRef = 3EEE3407296B21820065E2E4 /* HomeView.swift */; };
		3EEE340B296B21C80065E2E4 /* OrdersView.swift in Sources */ = {isa = PBXBuildFile; fileRef = 3EEE340A296B21C80065E2E4 /* OrdersView.swift */; };
		3EEE340D296B21E10065E2E4 /* SubscriptionsView.swift in Sources */ = {isa = PBXBuildFile; fileRef = 3EEE340C296B21E10065E2E4 /* SubscriptionsView.swift */; };
		3EEE340F296B22160065E2E4 /* NewOrderView.swift in Sources */ = {isa = PBXBuildFile; fileRef = 3EEE340E296B22160065E2E4 /* NewOrderView.swift */; };
		3EEE3411296B24A00065E2E4 /* RecipeView.swift in Sources */ = {isa = PBXBuildFile; fileRef = 3EEE3410296B24A00065E2E4 /* RecipeView.swift */; };
		3EEE3413296B27420065E2E4 /* TabBar.swift in Sources */ = {isa = PBXBuildFile; fileRef = 3EEE3412296B27420065E2E4 /* TabBar.swift */; };
		3EEE3415296B28250065E2E4 /* NewRecipeView.swift in Sources */ = {isa = PBXBuildFile; fileRef = 3EEE3414296B28250065E2E4 /* NewRecipeView.swift */; };
/* End PBXBuildFile section */

/* Begin PBXFileReference section */
		3E9D261429680B8B00E8A55E /* recipeat.app */ = {isa = PBXFileReference; explicitFileType = wrapper.application; includeInIndex = 0; path = recipeat.app; sourceTree = BUILT_PRODUCTS_DIR; };
		3E9D261729680B8B00E8A55E /* recipeatApp.swift */ = {isa = PBXFileReference; lastKnownFileType = sourcecode.swift; path = recipeatApp.swift; sourceTree = "<group>"; };
		3E9D261929680B8B00E8A55E /* ContentView.swift */ = {isa = PBXFileReference; lastKnownFileType = sourcecode.swift; path = ContentView.swift; sourceTree = "<group>"; };
		3E9D261B29680B8E00E8A55E /* Assets.xcassets */ = {isa = PBXFileReference; lastKnownFileType = folder.assetcatalog; path = Assets.xcassets; sourceTree = "<group>"; };
		3E9D261E29680B8E00E8A55E /* Preview Assets.xcassets */ = {isa = PBXFileReference; lastKnownFileType = folder.assetcatalog; path = "Preview Assets.xcassets"; sourceTree = "<group>"; };
		3EEE3405296B21450065E2E4 /* AccountView.swift */ = {isa = PBXFileReference; lastKnownFileType = sourcecode.swift; path = AccountView.swift; sourceTree = "<group>"; };
		3EEE3407296B21820065E2E4 /* HomeView.swift */ = {isa = PBXFileReference; lastKnownFileType = sourcecode.swift; path = HomeView.swift; sourceTree = "<group>"; };
		3EEE340A296B21C80065E2E4 /* OrdersView.swift */ = {isa = PBXFileReference; lastKnownFileType = sourcecode.swift; path = OrdersView.swift; sourceTree = "<group>"; };
		3EEE340C296B21E10065E2E4 /* SubscriptionsView.swift */ = {isa = PBXFileReference; lastKnownFileType = sourcecode.swift; path = SubscriptionsView.swift; sourceTree = "<group>"; };
		3EEE340E296B22160065E2E4 /* NewOrderView.swift */ = {isa = PBXFileReference; lastKnownFileType = sourcecode.swift; path = NewOrderView.swift; sourceTree = "<group>"; };
		3EEE3410296B24A00065E2E4 /* RecipeView.swift */ = {isa = PBXFileReference; lastKnownFileType = sourcecode.swift; path = RecipeView.swift; sourceTree = "<group>"; };
		3EEE3412296B27420065E2E4 /* TabBar.swift */ = {isa = PBXFileReference; lastKnownFileType = sourcecode.swift; path = TabBar.swift; sourceTree = "<group>"; };
		3EEE3414296B28250065E2E4 /* NewRecipeView.swift */ = {isa = PBXFileReference; lastKnownFileType = sourcecode.swift; path = NewRecipeView.swift; sourceTree = "<group>"; };
/* End PBXFileReference section */

/* Begin PBXFrameworksBuildPhase section */
		3E9D261129680B8B00E8A55E /* Frameworks */ = {
			isa = PBXFrameworksBuildPhase;
			buildActionMask = 2147483647;
			files = (
			);
			runOnlyForDeploymentPostprocessing = 0;
		};
/* End PBXFrameworksBuildPhase section */

/* Begin PBXGroup section */
		3E69681A2968CC2B006C459B /* Models */ = {
			isa = PBXGroup;
			children = (
			);
			path = Models;
			sourceTree = "<group>";
		};
		3E69681B2968CC32006C459B /* Views */ = {
			isa = PBXGroup;
			children = (
				3EEE3402296B20E10065E2E4 /* Main */,
				3EEE3404296B21010065E2E4 /* Components */,
				3EEE3403296B20EE0065E2E4 /* Detail */,
			);
			path = Views;
			sourceTree = "<group>";
		};
		3E9D260B29680B8B00E8A55E = {
			isa = PBXGroup;
			children = (
				3E9D261629680B8B00E8A55E /* recipeat */,
				3E9D261529680B8B00E8A55E /* Products */,
			);
			sourceTree = "<group>";
		};
		3E9D261529680B8B00E8A55E /* Products */ = {
			isa = PBXGroup;
			children = (
				3E9D261429680B8B00E8A55E /* recipeat.app */,
			);
			name = Products;
			sourceTree = "<group>";
		};
		3E9D261629680B8B00E8A55E /* recipeat */ = {
			isa = PBXGroup;
			children = (
				3E9D261729680B8B00E8A55E /* recipeatApp.swift */,
				3E69681B2968CC32006C459B /* Views */,
				3EEE3401296B20B10065E2E4 /* ViewModels */,
				3E69681A2968CC2B006C459B /* Models */,
				3E9D261B29680B8E00E8A55E /* Assets.xcassets */,
				3E9D261D29680B8E00E8A55E /* Preview Content */,
			);
			path = recipeat;
			sourceTree = "<group>";
		};
		3E9D261D29680B8E00E8A55E /* Preview Content */ = {
			isa = PBXGroup;
			children = (
				3E9D261E29680B8E00E8A55E /* Preview Assets.xcassets */,
			);
			path = "Preview Content";
			sourceTree = "<group>";
		};
		3EEE3401296B20B10065E2E4 /* ViewModels */ = {
			isa = PBXGroup;
			children = (
			);
			path = ViewModels;
			sourceTree = "<group>";
		};
		3EEE3402296B20E10065E2E4 /* Main */ = {
			isa = PBXGroup;
			children = (
				3EEE3407296B21820065E2E4 /* HomeView.swift */,
				3E9D261929680B8B00E8A55E /* ContentView.swift */,
				3EEE3412296B27420065E2E4 /* TabBar.swift */,
				3EEE3405296B21450065E2E4 /* AccountView.swift */,
				3EEE340A296B21C80065E2E4 /* OrdersView.swift */,
				3EEE340C296B21E10065E2E4 /* SubscriptionsView.swift */,
				3EEE340E296B22160065E2E4 /* NewOrderView.swift */,
				3EEE3410296B24A00065E2E4 /* RecipeView.swift */,
				3EEE3414296B28250065E2E4 /* NewRecipeView.swift */,
			);
			path = Main;
			sourceTree = "<group>";
		};
		3EEE3403296B20EE0065E2E4 /* Detail */ = {
			isa = PBXGroup;
			children = (
			);
			path = Detail;
			sourceTree = "<group>";
		};
		3EEE3404296B21010065E2E4 /* Components */ = {
			isa = PBXGroup;
			children = (
			);
			path = Components;
			sourceTree = "<group>";
		};
/* End PBXGroup section */

/* Begin PBXNativeTarget section */
		3E9D261329680B8B00E8A55E /* recipeat */ = {
			isa = PBXNativeTarget;
			buildConfigurationList = 3E9D262229680B8E00E8A55E /* Build configuration list for PBXNativeTarget "recipeat" */;
			buildPhases = (
				3E9D261029680B8B00E8A55E /* Sources */,
				3E9D261129680B8B00E8A55E /* Frameworks */,
				3E9D261229680B8B00E8A55E /* Resources */,
			);
			buildRules = (
			);
			dependencies = (
			);
			name = recipeat;
			productName = recipeat;
			productReference = 3E9D261429680B8B00E8A55E /* recipeat.app */;
			productType = "com.apple.product-type.application";
		};
/* End PBXNativeTarget section */

/* Begin PBXProject section */
		3E9D260C29680B8B00E8A55E /* Project object */ = {
			isa = PBXProject;
			attributes = {
				BuildIndependentTargetsInParallel = 1;
				LastSwiftUpdateCheck = 1420;
				LastUpgradeCheck = 1420;
				TargetAttributes = {
					3E9D261329680B8B00E8A55E = {
						CreatedOnToolsVersion = 14.2;
					};
				};
			};
			buildConfigurationList = 3E9D260F29680B8B00E8A55E /* Build configuration list for PBXProject "recipeat" */;
			compatibilityVersion = "Xcode 14.0";
			developmentRegion = en;
			hasScannedForEncodings = 0;
			knownRegions = (
				en,
				Base,
			);
			mainGroup = 3E9D260B29680B8B00E8A55E;
			productRefGroup = 3E9D261529680B8B00E8A55E /* Products */;
			projectDirPath = "";
			projectRoot = "";
			targets = (
				3E9D261329680B8B00E8A55E /* recipeat */,
			);
		};
/* End PBXProject section */

/* Begin PBXResourcesBuildPhase section */
		3E9D261229680B8B00E8A55E /* Resources */ = {
			isa = PBXResourcesBuildPhase;
			buildActionMask = 2147483647;
			files = (
				3E9D261F29680B8E00E8A55E /* Preview Assets.xcassets in Resources */,
				3E9D261C29680B8E00E8A55E /* Assets.xcassets in Resources */,
			);
			runOnlyForDeploymentPostprocessing = 0;
		};
/* End PBXResourcesBuildPhase section */

/* Begin PBXSourcesBuildPhase section */
		3E9D261029680B8B00E8A55E /* Sources */ = {
			isa = PBXSourcesBuildPhase;
			buildActionMask = 2147483647;
			files = (
				3EEE3413296B27420065E2E4 /* TabBar.swift in Sources */,
				3EEE3415296B28250065E2E4 /* NewRecipeView.swift in Sources */,
				3EEE340B296B21C80065E2E4 /* OrdersView.swift in Sources */,
				3EEE3406296B21450065E2E4 /* AccountView.swift in Sources */,
				3EEE3408296B21820065E2E4 /* HomeView.swift in Sources */,
				3EEE340D296B21E10065E2E4 /* SubscriptionsView.swift in Sources */,
				3EEE340F296B22160065E2E4 /* NewOrderView.swift in Sources */,
				3E9D261A29680B8B00E8A55E /* ContentView.swift in Sources */,
				3EEE3411296B24A00065E2E4 /* RecipeView.swift in Sources */,
				3E9D261829680B8B00E8A55E /* recipeatApp.swift in Sources */,
			);
			runOnlyForDeploymentPostprocessing = 0;
		};
/* End PBXSourcesBuildPhase section */

/* Begin XCBuildConfiguration section */
		3E9D262029680B8E00E8A55E /* Debug */ = {
			isa = XCBuildConfiguration;
			buildSettings = {
				ALWAYS_SEARCH_USER_PATHS = NO;
				CLANG_ANALYZER_NONNULL = YES;
				CLANG_ANALYZER_NUMBER_OBJECT_CONVERSION = YES_AGGRESSIVE;
				CLANG_CXX_LANGUAGE_STANDARD = "gnu++20";
				CLANG_ENABLE_MODULES = YES;
				CLANG_ENABLE_OBJC_ARC = YES;
				CLANG_ENABLE_OBJC_WEAK = YES;
				CLANG_WARN_BLOCK_CAPTURE_AUTORELEASING = YES;
				CLANG_WARN_BOOL_CONVERSION = YES;
				CLANG_WARN_COMMA = YES;
				CLANG_WARN_CONSTANT_CONVERSION = YES;
				CLANG_WARN_DEPRECATED_OBJC_IMPLEMENTATIONS = YES;
				CLANG_WARN_DIRECT_OBJC_ISA_USAGE = YES_ERROR;
				CLANG_WARN_DOCUMENTATION_COMMENTS = YES;
				CLANG_WARN_EMPTY_BODY = YES;
				CLANG_WARN_ENUM_CONVERSION = YES;
				CLANG_WARN_INFINITE_RECURSION = YES;
				CLANG_WARN_INT_CONVERSION = YES;
				CLANG_WARN_NON_LITERAL_NULL_CONVERSION = YES;
				CLANG_WARN_OBJC_IMPLICIT_RETAIN_SELF = YES;
				CLANG_WARN_OBJC_LITERAL_CONVERSION = YES;
				CLANG_WARN_OBJC_ROOT_CLASS = YES_ERROR;
				CLANG_WARN_QUOTED_INCLUDE_IN_FRAMEWORK_HEADER = YES;
				CLANG_WARN_RANGE_LOOP_ANALYSIS = YES;
				CLANG_WARN_STRICT_PROTOTYPES = YES;
				CLANG_WARN_SUSPICIOUS_MOVE = YES;
				CLANG_WARN_UNGUARDED_AVAILABILITY = YES_AGGRESSIVE;
				CLANG_WARN_UNREACHABLE_CODE = YES;
				CLANG_WARN__DUPLICATE_METHOD_MATCH = YES;
				COPY_PHASE_STRIP = NO;
				DEBUG_INFORMATION_FORMAT = dwarf;
				ENABLE_STRICT_OBJC_MSGSEND = YES;
				ENABLE_TESTABILITY = YES;
				GCC_C_LANGUAGE_STANDARD = gnu11;
				GCC_DYNAMIC_NO_PIC = NO;
				GCC_NO_COMMON_BLOCKS = YES;
				GCC_OPTIMIZATION_LEVEL = 0;
				GCC_PREPROCESSOR_DEFINITIONS = (
					"DEBUG=1",
					"$(inherited)",
				);
				GCC_WARN_64_TO_32_BIT_CONVERSION = YES;
				GCC_WARN_ABOUT_RETURN_TYPE = YES_ERROR;
				GCC_WARN_UNDECLARED_SELECTOR = YES;
				GCC_WARN_UNINITIALIZED_AUTOS = YES_AGGRESSIVE;
				GCC_WARN_UNUSED_FUNCTION = YES;
				GCC_WARN_UNUSED_VARIABLE = YES;
				IPHONEOS_DEPLOYMENT_TARGET = 16.2;
				MTL_ENABLE_DEBUG_INFO = INCLUDE_SOURCE;
				MTL_FAST_MATH = YES;
				ONLY_ACTIVE_ARCH = YES;
				SDKROOT = iphoneos;
				SWIFT_ACTIVE_COMPILATION_CONDITIONS = DEBUG;
				SWIFT_OPTIMIZATION_LEVEL = "-Onone";
			};
			name = Debug;
		};
		3E9D262129680B8E00E8A55E /* Release */ = {
			isa = XCBuildConfiguration;
			buildSettings = {
				ALWAYS_SEARCH_USER_PATHS = NO;
				CLANG_ANALYZER_NONNULL = YES;
				CLANG_ANALYZER_NUMBER_OBJECT_CONVERSION = YES_AGGRESSIVE;
				CLANG_CXX_LANGUAGE_STANDARD = "gnu++20";
				CLANG_ENABLE_MODULES = YES;
				CLANG_ENABLE_OBJC_ARC = YES;
				CLANG_ENABLE_OBJC_WEAK = YES;
				CLANG_WARN_BLOCK_CAPTURE_AUTORELEASING = YES;
				CLANG_WARN_BOOL_CONVERSION = YES;
				CLANG_WARN_COMMA = YES;
				CLANG_WARN_CONSTANT_CONVERSION = YES;
				CLANG_WARN_DEPRECATED_OBJC_IMPLEMENTATIONS = YES;
				CLANG_WARN_DIRECT_OBJC_ISA_USAGE = YES_ERROR;
				CLANG_WARN_DOCUMENTATION_COMMENTS = YES;
				CLANG_WARN_EMPTY_BODY = YES;
				CLANG_WARN_ENUM_CONVERSION = YES;
				CLANG_WARN_INFINITE_RECURSION = YES;
				CLANG_WARN_INT_CONVERSION = YES;
				CLANG_WARN_NON_LITERAL_NULL_CONVERSION = YES;
				CLANG_WARN_OBJC_IMPLICIT_RETAIN_SELF = YES;
				CLANG_WARN_OBJC_LITERAL_CONVERSION = YES;
				CLANG_WARN_OBJC_ROOT_CLASS = YES_ERROR;
				CLANG_WARN_QUOTED_INCLUDE_IN_FRAMEWORK_HEADER = YES;
				CLANG_WARN_RANGE_LOOP_ANALYSIS = YES;
				CLANG_WARN_STRICT_PROTOTYPES = YES;
				CLANG_WARN_SUSPICIOUS_MOVE = YES;
				CLANG_WARN_UNGUARDED_AVAILABILITY = YES_AGGRESSIVE;
				CLANG_WARN_UNREACHABLE_CODE = YES;
				CLANG_WARN__DUPLICATE_METHOD_MATCH = YES;
				COPY_PHASE_STRIP = NO;
				DEBUG_INFORMATION_FORMAT = "dwarf-with-dsym";
				ENABLE_NS_ASSERTIONS = NO;
				ENABLE_STRICT_OBJC_MSGSEND = YES;
				GCC_C_LANGUAGE_STANDARD = gnu11;
				GCC_NO_COMMON_BLOCKS = YES;
				GCC_WARN_64_TO_32_BIT_CONVERSION = YES;
				GCC_WARN_ABOUT_RETURN_TYPE = YES_ERROR;
				GCC_WARN_UNDECLARED_SELECTOR = YES;
				GCC_WARN_UNINITIALIZED_AUTOS = YES_AGGRESSIVE;
				GCC_WARN_UNUSED_FUNCTION = YES;
				GCC_WARN_UNUSED_VARIABLE = YES;
				IPHONEOS_DEPLOYMENT_TARGET = 16.2;
				MTL_ENABLE_DEBUG_INFO = NO;
				MTL_FAST_MATH = YES;
				SDKROOT = iphoneos;
				SWIFT_COMPILATION_MODE = wholemodule;
				SWIFT_OPTIMIZATION_LEVEL = "-O";
				VALIDATE_PRODUCT = YES;
			};
			name = Release;
		};
		3E9D262329680B8E00E8A55E /* Debug */ = {
			isa = XCBuildConfiguration;
			buildSettings = {
				ASSETCATALOG_COMPILER_APPICON_NAME = AppIcon;
				ASSETCATALOG_COMPILER_GLOBAL_ACCENT_COLOR_NAME = AccentColor;
				CODE_SIGN_STYLE = Automatic;
				CURRENT_PROJECT_VERSION = 1;
				DEVELOPMENT_ASSET_PATHS = "\"recipeat/Preview Content\"";
				DEVELOPMENT_TEAM = 7B5VP5S76R;
				ENABLE_PREVIEWS = YES;
				GENERATE_INFOPLIST_FILE = YES;
				INFOPLIST_KEY_UIApplicationSceneManifest_Generation = YES;
				INFOPLIST_KEY_UIApplicationSupportsIndirectInputEvents = YES;
				INFOPLIST_KEY_UILaunchScreen_Generation = YES;
				INFOPLIST_KEY_UISupportedInterfaceOrientations_iPad = "UIInterfaceOrientationPortrait UIInterfaceOrientationPortraitUpsideDown UIInterfaceOrientationLandscapeLeft UIInterfaceOrientationLandscapeRight";
				INFOPLIST_KEY_UISupportedInterfaceOrientations_iPhone = "UIInterfaceOrientationPortrait UIInterfaceOrientationLandscapeLeft UIInterfaceOrientationLandscapeRight";
				LD_RUNPATH_SEARCH_PATHS = (
					"$(inherited)",
					"@executable_path/Frameworks",
				);
				MARKETING_VERSION = 1.0;
				PRODUCT_BUNDLE_IDENTIFIER = com.sinaghighi.recipeat;
				PRODUCT_NAME = "$(TARGET_NAME)";
				SWIFT_EMIT_LOC_STRINGS = YES;
				SWIFT_VERSION = 5.0;
				TARGETED_DEVICE_FAMILY = "1,2";
			};
			name = Debug;
		};
		3E9D262429680B8E00E8A55E /* Release */ = {
			isa = XCBuildConfiguration;
			buildSettings = {
				ASSETCATALOG_COMPILER_APPICON_NAME = AppIcon;
				ASSETCATALOG_COMPILER_GLOBAL_ACCENT_COLOR_NAME = AccentColor;
				CODE_SIGN_STYLE = Automatic;
				CURRENT_PROJECT_VERSION = 1;
				DEVELOPMENT_ASSET_PATHS = "\"recipeat/Preview Content\"";
				DEVELOPMENT_TEAM = 7B5VP5S76R;
				ENABLE_PREVIEWS = YES;
				GENERATE_INFOPLIST_FILE = YES;
				INFOPLIST_KEY_UIApplicationSceneManifest_Generation = YES;
				INFOPLIST_KEY_UIApplicationSupportsIndirectInputEvents = YES;
				INFOPLIST_KEY_UILaunchScreen_Generation = YES;
				INFOPLIST_KEY_UISupportedInterfaceOrientations_iPad = "UIInterfaceOrientationPortrait UIInterfaceOrientationPortraitUpsideDown UIInterfaceOrientationLandscapeLeft UIInterfaceOrientationLandscapeRight";
				INFOPLIST_KEY_UISupportedInterfaceOrientations_iPhone = "UIInterfaceOrientationPortrait UIInterfaceOrientationLandscapeLeft UIInterfaceOrientationLandscapeRight";
				LD_RUNPATH_SEARCH_PATHS = (
					"$(inherited)",
					"@executable_path/Frameworks",
				);
				MARKETING_VERSION = 1.0;
				PRODUCT_BUNDLE_IDENTIFIER = com.sinaghighi.recipeat;
				PRODUCT_NAME = "$(TARGET_NAME)";
				SWIFT_EMIT_LOC_STRINGS = YES;
				SWIFT_VERSION = 5.0;
				TARGETED_DEVICE_FAMILY = "1,2";
			};
			name = Release;
		};
/* End XCBuildConfiguration section */

/* Begin XCConfigurationList section */
		3E9D260F29680B8B00E8A55E /* Build configuration list for PBXProject "recipeat" */ = {
			isa = XCConfigurationList;
			buildConfigurations = (
				3E9D262029680B8E00E8A55E /* Debug */,
				3E9D262129680B8E00E8A55E /* Release */,
			);
			defaultConfigurationIsVisible = 0;
			defaultConfigurationName = Release;
		};
		3E9D262229680B8E00E8A55E /* Build configuration list for PBXNativeTarget "recipeat" */ = {
			isa = XCConfigurationList;
			buildConfigurations = (
				3E9D262329680B8E00E8A55E /* Debug */,
				3E9D262429680B8E00E8A55E /* Release */,
			);
			defaultConfigurationIsVisible = 0;
			defaultConfigurationName = Release;
		};
/* End XCConfigurationList section */
	};
	rootObject = 3E9D260C29680B8B00E8A55E /* Project object */;
}
